
Microsoft Visual Studio Solution File, Format Version 12.00
# Visual Studio Version 16
VisualStudioVersion = 16.0.31729.503
MinimumVisualStudioVersion = 10.0.40219.1
Project("{9A19103F-16F7-4668-BE54-9A1E7A4F7556}") = "WebApplication", "WebApplication.csproj", "{20F9A041-7069-408D-8362-0A22E2265F5B}"
EndProject
Global
	GlobalSection(SolutionConfigurationPlatforms) = preSolution
		Debug|Any CPU = Debug|Any CPU
		Release|Any CPU = Release|Any CPU
	EndGlobalSection
	GlobalSection(ProjectConfigurationPlatforms) = postSolution
		{20F9A041-7069-408D-8362-0A22E2265F5B}.Debug|Any CPU.ActiveCfg = Debug|Any CPU
		{20F9A041-7069-408D-8362-0A22E2265F5B}.Debug|Any CPU.Build.0 = Debug|Any CPU
		{20F9A041-7069-408D-8362-0A22E2265F5B}.Release|Any CPU.ActiveCfg = Release|Any CPU
		{20F9A041-7069-408D-8362-0A22E2265F5B}.Release|Any CPU.Build.0 = Release|Any CPU
	EndGlobalSection
	GlobalSection(SolutionProperties) = preSolution
		HideSolutionNode = FALSE
	EndGlobalSection
	GlobalSection(ExtensibilityGlobals) = postSolution
		SolutionGuid = {BC8B2D8A-28A1-44DD-80BB-C3235B4BEB50}
	EndGlobalSection
EndGlobal
